
Microsoft Visual Studio Solution File, Format Version 10.00
# Visual Studio 2008
Project("{FAE04EC0-301F-11D3-BF4B-00C04F79EFBC}") = "bdsfadsfdsadsasd", "bdsfadsfdsadsasd\bdsfadsfdsadsasd.csproj", "{BB39D487-8137-4F8F-A852-C9ECFB55F27B}"
EndProject
Global
	GlobalSection(SolutionConfigurationPlatforms) = preSolution
		Debug|Any CPU = Debug|Any CPU
		Release|Any CPU = Release|Any CPU
	EndGlobalSection
	GlobalSection(ProjectConfigurationPlatforms) = postSolution
		{BB39D487-8137-4F8F-A852-C9ECFB55F27B}.Debug|Any CPU.ActiveCfg = Debug|Any CPU
		{BB39D487-8137-4F8F-A852-C9ECFB55F27B}.Debug|Any CPU.Build.0 = Debug|Any CPU
		{BB39D487-8137-4F8F-A852-C9ECFB55F27B}.Release|Any CPU.ActiveCfg = Release|Any CPU
		{BB39D487-8137-4F8F-A852-C9ECFB55F27B}.Release|Any CPU.Build.0 = Release|Any CPU
	EndGlobalSection
	GlobalSection(SolutionProperties) = preSolution
		HideSolutionNode = FALSE
	EndGlobalSection
EndGlobal
